// !$*UTF8*$!
{
	archiveVersion = 1;
	classes = {
	};
	objectVersion = 56;
	objects = {

/* Begin PBXBuildFile section */
		EB05F7C72C23941C0036927A /* foodOptionCollectionViewCell.swift in Sources */ = {isa = PBXBuildFile; fileRef = EB05F7C52C23941C0036927A /* foodOptionCollectionViewCell.swift */; };
		EB05F7C82C23941C0036927A /* foodOptionCollectionViewCell.xib in Resources */ = {isa = PBXBuildFile; fileRef = EB05F7C62C23941C0036927A /* foodOptionCollectionViewCell.xib */; };
		EB05F7CB2C23942D0036927A /* foodCardCollectionViewCell.swift in Sources */ = {isa = PBXBuildFile; fileRef = EB05F7C92C23942D0036927A /* foodCardCollectionViewCell.swift */; };
		EB05F7CC2C23942D0036927A /* foodCardCollectionViewCell.xib in Resources */ = {isa = PBXBuildFile; fileRef = EB05F7CA2C23942D0036927A /* foodCardCollectionViewCell.xib */; };
		EB05F7CF2C2394450036927A /* popularMenuTableViewCell.swift in Sources */ = {isa = PBXBuildFile; fileRef = EB05F7CD2C2394450036927A /* popularMenuTableViewCell.swift */; };
		EB05F7D02C2394450036927A /* popularMenuTableViewCell.xib in Resources */ = {isa = PBXBuildFile; fileRef = EB05F7CE2C2394450036927A /* popularMenuTableViewCell.xib */; };
		EB05F7D22C23A25B0036927A /* MealMenuViewModel.swift in Sources */ = {isa = PBXBuildFile; fileRef = EB05F7D12C23A25B0036927A /* MealMenuViewModel.swift */; };
		EB05F7D42C23A2780036927A /* Meal.swift in Sources */ = {isa = PBXBuildFile; fileRef = EB05F7D32C23A2780036927A /* Meal.swift */; };
		EBD6EC312C1EAC6E008065D7 /* AppDelegate.swift in Sources */ = {isa = PBXBuildFile; fileRef = EBD6EC302C1EAC6E008065D7 /* AppDelegate.swift */; };
		EBD6EC332C1EAC6E008065D7 /* SceneDelegate.swift in Sources */ = {isa = PBXBuildFile; fileRef = EBD6EC322C1EAC6E008065D7 /* SceneDelegate.swift */; };
		EBD6EC352C1EAC6E008065D7 /* AccountViewController.swift in Sources */ = {isa = PBXBuildFile; fileRef = EBD6EC342C1EAC6E008065D7 /* AccountViewController.swift */; };
		EBD6EC382C1EAC6E008065D7 /* Main.storyboard in Resources */ = {isa = PBXBuildFile; fileRef = EBD6EC362C1EAC6E008065D7 /* Main.storyboard */; };
		EBD6EC3B2C1EAC6E008065D7 /* foodie.xcdatamodeld in Sources */ = {isa = PBXBuildFile; fileRef = EBD6EC392C1EAC6E008065D7 /* foodie.xcdatamodeld */; };
		EBD6EC3D2C1EAC6F008065D7 /* Assets.xcassets in Resources */ = {isa = PBXBuildFile; fileRef = EBD6EC3C2C1EAC6F008065D7 /* Assets.xcassets */; };
		EBD6EC402C1EAC6F008065D7 /* LaunchScreen.storyboard in Resources */ = {isa = PBXBuildFile; fileRef = EBD6EC3E2C1EAC6F008065D7 /* LaunchScreen.storyboard */; };
		EBD6EC4B2C1EAC6F008065D7 /* foodieTests.swift in Sources */ = {isa = PBXBuildFile; fileRef = EBD6EC4A2C1EAC6F008065D7 /* foodieTests.swift */; };
		EBD6EC552C1EAC6F008065D7 /* foodieUITests.swift in Sources */ = {isa = PBXBuildFile; fileRef = EBD6EC542C1EAC6F008065D7 /* foodieUITests.swift */; };
		EBD6EC572C1EAC6F008065D7 /* foodieUITestsLaunchTests.swift in Sources */ = {isa = PBXBuildFile; fileRef = EBD6EC562C1EAC6F008065D7 /* foodieUITestsLaunchTests.swift */; };
		EBD6EC652C1EACCD008065D7 /* Alamofire in Frameworks */ = {isa = PBXBuildFile; productRef = EBD6EC642C1EACCD008065D7 /* Alamofire */; };
		EBD6EC672C1EACCD008065D7 /* AlamofireDynamic in Frameworks */ = {isa = PBXBuildFile; productRef = EBD6EC662C1EACCD008065D7 /* AlamofireDynamic */; };
		EBD6EC6A2C1EAD1A008065D7 /* Network Manager.swift in Sources */ = {isa = PBXBuildFile; fileRef = EBD6EC692C1EAD1A008065D7 /* Network Manager.swift */; };
		EBD6EC6E2C1EAE39008065D7 /* LogAuthViewModel.swift in Sources */ = {isa = PBXBuildFile; fileRef = EBD6EC6D2C1EAE39008065D7 /* LogAuthViewModel.swift */; };
		EBD6EC712C1EAE4A008065D7 /* User.swift in Sources */ = {isa = PBXBuildFile; fileRef = EBD6EC702C1EAE4A008065D7 /* User.swift */; };
		EBD6EC742C1EB16A008065D7 /* AuthViewController.swift in Sources */ = {isa = PBXBuildFile; fileRef = EBD6EC722C1EB16A008065D7 /* AuthViewController.swift */; };
		EBD6EC752C1EB16A008065D7 /* AuthViewController.xib in Resources */ = {isa = PBXBuildFile; fileRef = EBD6EC732C1EB16A008065D7 /* AuthViewController.xib */; };
		EBD6EC792C1EB19A008065D7 /* SelectAccountCollectionViewCell.swift in Sources */ = {isa = PBXBuildFile; fileRef = EBD6EC772C1EB19A008065D7 /* SelectAccountCollectionViewCell.swift */; };
		EBD6EC7A2C1EB19A008065D7 /* SelectAccountCollectionViewCell.xib in Resources */ = {isa = PBXBuildFile; fileRef = EBD6EC782C1EB19A008065D7 /* SelectAccountCollectionViewCell.xib */; };
		EBD6EC7D2C1EFD0B008065D7 /* MealMenuViewController.swift in Sources */ = {isa = PBXBuildFile; fileRef = EBD6EC7B2C1EFD0B008065D7 /* MealMenuViewController.swift */; };
/* End PBXBuildFile section */

/* Begin PBXContainerItemProxy section */
		EBD6EC472C1EAC6F008065D7 /* PBXContainerItemProxy */ = {
			isa = PBXContainerItemProxy;
			containerPortal = EBD6EC252C1EAC6E008065D7 /* Project object */;
			proxyType = 1;
			remoteGlobalIDString = EBD6EC2C2C1EAC6E008065D7;
			remoteInfo = foodie;
		};
		EBD6EC512C1EAC6F008065D7 /* PBXContainerItemProxy */ = {
			isa = PBXContainerItemProxy;
			containerPortal = EBD6EC252C1EAC6E008065D7 /* Project object */;
			proxyType = 1;
			remoteGlobalIDString = EBD6EC2C2C1EAC6E008065D7;
			remoteInfo = foodie;
		};
/* End PBXContainerItemProxy section */

/* Begin PBXFileReference section */
		EB05F7C52C23941C0036927A /* foodOptionCollectionViewCell.swift */ = {isa = PBXFileReference; lastKnownFileType = sourcecode.swift; path = foodOptionCollectionViewCell.swift; sourceTree = "<group>"; };
		EB05F7C62C23941C0036927A /* foodOptionCollectionViewCell.xib */ = {isa = PBXFileReference; lastKnownFileType = file.xib; path = foodOptionCollectionViewCell.xib; sourceTree = "<group>"; };
		EB05F7C92C23942D0036927A /* foodCardCollectionViewCell.swift */ = {isa = PBXFileReference; lastKnownFileType = sourcecode.swift; path = foodCardCollectionViewCell.swift; sourceTree = "<group>"; };
		EB05F7CA2C23942D0036927A /* foodCardCollectionViewCell.xib */ = {isa = PBXFileReference; lastKnownFileType = file.xib; path = foodCardCollectionViewCell.xib; sourceTree = "<group>"; };
		EB05F7CD2C2394450036927A /* popularMenuTableViewCell.swift */ = {isa = PBXFileReference; lastKnownFileType = sourcecode.swift; path = popularMenuTableViewCell.swift; sourceTree = "<group>"; };
		EB05F7CE2C2394450036927A /* popularMenuTableViewCell.xib */ = {isa = PBXFileReference; lastKnownFileType = file.xib; path = popularMenuTableViewCell.xib; sourceTree = "<group>"; };
		EB05F7D12C23A25B0036927A /* MealMenuViewModel.swift */ = {isa = PBXFileReference; lastKnownFileType = sourcecode.swift; path = MealMenuViewModel.swift; sourceTree = "<group>"; };
		EB05F7D32C23A2780036927A /* Meal.swift */ = {isa = PBXFileReference; lastKnownFileType = sourcecode.swift; path = Meal.swift; sourceTree = "<group>"; };
		EBD6EC2D2C1EAC6E008065D7 /* foodie.app */ = {isa = PBXFileReference; explicitFileType = wrapper.application; includeInIndex = 0; path = foodie.app; sourceTree = BUILT_PRODUCTS_DIR; };
		EBD6EC302C1EAC6E008065D7 /* AppDelegate.swift */ = {isa = PBXFileReference; lastKnownFileType = sourcecode.swift; path = AppDelegate.swift; sourceTree = "<group>"; };
		EBD6EC322C1EAC6E008065D7 /* SceneDelegate.swift */ = {isa = PBXFileReference; lastKnownFileType = sourcecode.swift; path = SceneDelegate.swift; sourceTree = "<group>"; };
		EBD6EC342C1EAC6E008065D7 /* AccountViewController.swift */ = {isa = PBXFileReference; lastKnownFileType = sourcecode.swift; path = AccountViewController.swift; sourceTree = "<group>"; };
		EBD6EC372C1EAC6E008065D7 /* Base */ = {isa = PBXFileReference; lastKnownFileType = file.storyboard; name = Base; path = Base.lproj/Main.storyboard; sourceTree = "<group>"; };
		EBD6EC3A2C1EAC6E008065D7 /* foodie.xcdatamodel */ = {isa = PBXFileReference; lastKnownFileType = wrapper.xcdatamodel; path = foodie.xcdatamodel; sourceTree = "<group>"; };
		EBD6EC3C2C1EAC6F008065D7 /* Assets.xcassets */ = {isa = PBXFileReference; lastKnownFileType = folder.assetcatalog; path = Assets.xcassets; sourceTree = "<group>"; };
		EBD6EC3F2C1EAC6F008065D7 /* Base */ = {isa = PBXFileReference; lastKnownFileType = file.storyboard; name = Base; path = Base.lproj/LaunchScreen.storyboard; sourceTree = "<group>"; };
		EBD6EC412C1EAC6F008065D7 /* Info.plist */ = {isa = PBXFileReference; lastKnownFileType = text.plist.xml; path = Info.plist; sourceTree = "<group>"; };
		EBD6EC462C1EAC6F008065D7 /* foodieTests.xctest */ = {isa = PBXFileReference; explicitFileType = wrapper.cfbundle; includeInIndex = 0; path = foodieTests.xctest; sourceTree = BUILT_PRODUCTS_DIR; };
		EBD6EC4A2C1EAC6F008065D7 /* foodieTests.swift */ = {isa = PBXFileReference; lastKnownFileType = sourcecode.swift; path = foodieTests.swift; sourceTree = "<group>"; };
		EBD6EC502C1EAC6F008065D7 /* foodieUITests.xctest */ = {isa = PBXFileReference; explicitFileType = wrapper.cfbundle; includeInIndex = 0; path = foodieUITests.xctest; sourceTree = BUILT_PRODUCTS_DIR; };
		EBD6EC542C1EAC6F008065D7 /* foodieUITests.swift */ = {isa = PBXFileReference; lastKnownFileType = sourcecode.swift; path = foodieUITests.swift; sourceTree = "<group>"; };
		EBD6EC562C1EAC6F008065D7 /* foodieUITestsLaunchTests.swift */ = {isa = PBXFileReference; lastKnownFileType = sourcecode.swift; path = foodieUITestsLaunchTests.swift; sourceTree = "<group>"; };
		EBD6EC692C1EAD1A008065D7 /* Network Manager.swift */ = {isa = PBXFileReference; lastKnownFileType = sourcecode.swift; path = "Network Manager.swift"; sourceTree = "<group>"; };
		EBD6EC6D2C1EAE39008065D7 /* LogAuthViewModel.swift */ = {isa = PBXFileReference; lastKnownFileType = sourcecode.swift; path = LogAuthViewModel.swift; sourceTree = "<group>"; };
		EBD6EC702C1EAE4A008065D7 /* User.swift */ = {isa = PBXFileReference; lastKnownFileType = sourcecode.swift; path = User.swift; sourceTree = "<group>"; };
		EBD6EC722C1EB16A008065D7 /* AuthViewController.swift */ = {isa = PBXFileReference; lastKnownFileType = sourcecode.swift; path = AuthViewController.swift; sourceTree = "<group>"; };
		EBD6EC732C1EB16A008065D7 /* AuthViewController.xib */ = {isa = PBXFileReference; lastKnownFileType = file.xib; path = AuthViewController.xib; sourceTree = "<group>"; };
		EBD6EC772C1EB19A008065D7 /* SelectAccountCollectionViewCell.swift */ = {isa = PBXFileReference; lastKnownFileType = sourcecode.swift; path = SelectAccountCollectionViewCell.swift; sourceTree = "<group>"; };
		EBD6EC782C1EB19A008065D7 /* SelectAccountCollectionViewCell.xib */ = {isa = PBXFileReference; lastKnownFileType = file.xib; path = SelectAccountCollectionViewCell.xib; sourceTree = "<group>"; };
		EBD6EC7B2C1EFD0B008065D7 /* MealMenuViewController.swift */ = {isa = PBXFileReference; lastKnownFileType = sourcecode.swift; path = MealMenuViewController.swift; sourceTree = "<group>"; };
/* End PBXFileReference section */

/* Begin PBXFrameworksBuildPhase section */
		EBD6EC2A2C1EAC6E008065D7 /* Frameworks */ = {
			isa = PBXFrameworksBuildPhase;
			buildActionMask = 2147483647;
			files = (
				EBD6EC652C1EACCD008065D7 /* Alamofire in Frameworks */,
				EBD6EC672C1EACCD008065D7 /* AlamofireDynamic in Frameworks */,
			);
			runOnlyForDeploymentPostprocessing = 0;
		};
		EBD6EC432C1EAC6F008065D7 /* Frameworks */ = {
			isa = PBXFrameworksBuildPhase;
			buildActionMask = 2147483647;
			files = (
			);
			runOnlyForDeploymentPostprocessing = 0;
		};
		EBD6EC4D2C1EAC6F008065D7 /* Frameworks */ = {
			isa = PBXFrameworksBuildPhase;
			buildActionMask = 2147483647;
			files = (
			);
			runOnlyForDeploymentPostprocessing = 0;
		};
/* End PBXFrameworksBuildPhase section */

/* Begin PBXGroup section */
		EB05F7C42C2393D70036927A /* MealMenu */ = {
			isa = PBXGroup;
			children = (
				EB05F7C52C23941C0036927A /* foodOptionCollectionViewCell.swift */,
				EB05F7C62C23941C0036927A /* foodOptionCollectionViewCell.xib */,
				EB05F7C92C23942D0036927A /* foodCardCollectionViewCell.swift */,
				EB05F7CA2C23942D0036927A /* foodCardCollectionViewCell.xib */,
				EB05F7CD2C2394450036927A /* popularMenuTableViewCell.swift */,
				EB05F7CE2C2394450036927A /* popularMenuTableViewCell.xib */,
				EB05F7D12C23A25B0036927A /* MealMenuViewModel.swift */,
			);
			path = MealMenu;
			sourceTree = "<group>";
		};
		EBD6EC242C1EAC6E008065D7 = {
			isa = PBXGroup;
			children = (
				EBD6EC2F2C1EAC6E008065D7 /* foodie */,
				EBD6EC492C1EAC6F008065D7 /* foodieTests */,
				EBD6EC532C1EAC6F008065D7 /* foodieUITests */,
				EBD6EC2E2C1EAC6E008065D7 /* Products */,
			);
			sourceTree = "<group>";
		};
		EBD6EC2E2C1EAC6E008065D7 /* Products */ = {
			isa = PBXGroup;
			children = (
				EBD6EC2D2C1EAC6E008065D7 /* foodie.app */,
				EBD6EC462C1EAC6F008065D7 /* foodieTests.xctest */,
				EBD6EC502C1EAC6F008065D7 /* foodieUITests.xctest */,
			);
			name = Products;
			sourceTree = "<group>";
		};
		EBD6EC2F2C1EAC6E008065D7 /* foodie */ = {
			isa = PBXGroup;
			children = (
				EBD6EC6F2C1EAE41008065D7 /* Models */,
				EBD6EC6B2C1EAE1B008065D7 /* Scenes */,
				EBD6EC682C1EACFD008065D7 /* Network Protocol */,
				EBD6EC302C1EAC6E008065D7 /* AppDelegate.swift */,
				EBD6EC322C1EAC6E008065D7 /* SceneDelegate.swift */,
				EBD6EC342C1EAC6E008065D7 /* AccountViewController.swift */,
				EBD6EC362C1EAC6E008065D7 /* Main.storyboard */,
				EBD6EC3C2C1EAC6F008065D7 /* Assets.xcassets */,
				EBD6EC3E2C1EAC6F008065D7 /* LaunchScreen.storyboard */,
				EBD6EC412C1EAC6F008065D7 /* Info.plist */,
				EBD6EC392C1EAC6E008065D7 /* foodie.xcdatamodeld */,
				EBD6EC7B2C1EFD0B008065D7 /* MealMenuViewController.swift */,
			);
			path = foodie;
			sourceTree = "<group>";
		};
		EBD6EC492C1EAC6F008065D7 /* foodieTests */ = {
			isa = PBXGroup;
			children = (
				EBD6EC4A2C1EAC6F008065D7 /* foodieTests.swift */,
			);
			path = foodieTests;
			sourceTree = "<group>";
		};
		EBD6EC532C1EAC6F008065D7 /* foodieUITests */ = {
			isa = PBXGroup;
			children = (
				EBD6EC542C1EAC6F008065D7 /* foodieUITests.swift */,
				EBD6EC562C1EAC6F008065D7 /* foodieUITestsLaunchTests.swift */,
			);
			path = foodieUITests;
			sourceTree = "<group>";
		};
		EBD6EC682C1EACFD008065D7 /* Network Protocol */ = {
			isa = PBXGroup;
			children = (
				EBD6EC692C1EAD1A008065D7 /* Network Manager.swift */,
			);
			path = "Network Protocol";
			sourceTree = "<group>";
		};
		EBD6EC6B2C1EAE1B008065D7 /* Scenes */ = {
			isa = PBXGroup;
			children = (
				EB05F7C42C2393D70036927A /* MealMenu */,
				EBD6EC6C2C1EAE25008065D7 /* LogAuth */,
			);
			path = Scenes;
			sourceTree = "<group>";
		};
		EBD6EC6C2C1EAE25008065D7 /* LogAuth */ = {
			isa = PBXGroup;
			children = (
				EBD6EC762C1EB17B008065D7 /* ChooseAccount */,
				EBD6EC6D2C1EAE39008065D7 /* LogAuthViewModel.swift */,
				EBD6EC722C1EB16A008065D7 /* AuthViewController.swift */,
				EBD6EC732C1EB16A008065D7 /* AuthViewController.xib */,
			);
			path = LogAuth;
			sourceTree = "<group>";
		};
		EBD6EC6F2C1EAE41008065D7 /* Models */ = {
			isa = PBXGroup;
			children = (
				EBD6EC702C1EAE4A008065D7 /* User.swift */,
				EB05F7D32C23A2780036927A /* Meal.swift */,
			);
			path = Models;
			sourceTree = "<group>";
		};
		EBD6EC762C1EB17B008065D7 /* ChooseAccount */ = {
			isa = PBXGroup;
			children = (
				EBD6EC772C1EB19A008065D7 /* SelectAccountCollectionViewCell.swift */,
				EBD6EC782C1EB19A008065D7 /* SelectAccountCollectionViewCell.xib */,
			);
			path = ChooseAccount;
			sourceTree = "<group>";
		};
/* End PBXGroup section */

/* Begin PBXNativeTarget section */
		EBD6EC2C2C1EAC6E008065D7 /* foodie */ = {
			isa = PBXNativeTarget;
			buildConfigurationList = EBD6EC5A2C1EAC6F008065D7 /* Build configuration list for PBXNativeTarget "foodie" */;
			buildPhases = (
				EBD6EC292C1EAC6E008065D7 /* Sources */,
				EBD6EC2A2C1EAC6E008065D7 /* Frameworks */,
				EBD6EC2B2C1EAC6E008065D7 /* Resources */,
			);
			buildRules = (
			);
			dependencies = (
			);
			name = foodie;
			packageProductDependencies = (
				EBD6EC642C1EACCD008065D7 /* Alamofire */,
				EBD6EC662C1EACCD008065D7 /* AlamofireDynamic */,
			);
			productName = foodie;
			productReference = EBD6EC2D2C1EAC6E008065D7 /* foodie.app */;
			productType = "com.apple.product-type.application";
		};
		EBD6EC452C1EAC6F008065D7 /* foodieTests */ = {
			isa = PBXNativeTarget;
			buildConfigurationList = EBD6EC5D2C1EAC6F008065D7 /* Build configuration list for PBXNativeTarget "foodieTests" */;
			buildPhases = (
				EBD6EC422C1EAC6F008065D7 /* Sources */,
				EBD6EC432C1EAC6F008065D7 /* Frameworks */,
				EBD6EC442C1EAC6F008065D7 /* Resources */,
			);
			buildRules = (
			);
			dependencies = (
				EBD6EC482C1EAC6F008065D7 /* PBXTargetDependency */,
			);
			name = foodieTests;
			productName = foodieTests;
			productReference = EBD6EC462C1EAC6F008065D7 /* foodieTests.xctest */;
			productType = "com.apple.product-type.bundle.unit-test";
		};
		EBD6EC4F2C1EAC6F008065D7 /* foodieUITests */ = {
			isa = PBXNativeTarget;
			buildConfigurationList = EBD6EC602C1EAC6F008065D7 /* Build configuration list for PBXNativeTarget "foodieUITests" */;
			buildPhases = (
				EBD6EC4C2C1EAC6F008065D7 /* Sources */,
				EBD6EC4D2C1EAC6F008065D7 /* Frameworks */,
				EBD6EC4E2C1EAC6F008065D7 /* Resources */,
			);
			buildRules = (
			);
			dependencies = (
				EBD6EC522C1EAC6F008065D7 /* PBXTargetDependency */,
			);
			name = foodieUITests;
			productName = foodieUITests;
			productReference = EBD6EC502C1EAC6F008065D7 /* foodieUITests.xctest */;
			productType = "com.apple.product-type.bundle.ui-testing";
		};
/* End PBXNativeTarget section */

/* Begin PBXProject section */
		EBD6EC252C1EAC6E008065D7 /* Project object */ = {
			isa = PBXProject;
			attributes = {
				BuildIndependentTargetsInParallel = 1;
				LastSwiftUpdateCheck = 1520;
				LastUpgradeCheck = 1520;
				TargetAttributes = {
					EBD6EC2C2C1EAC6E008065D7 = {
						CreatedOnToolsVersion = 15.2;
					};
					EBD6EC452C1EAC6F008065D7 = {
						CreatedOnToolsVersion = 15.2;
						TestTargetID = EBD6EC2C2C1EAC6E008065D7;
					};
					EBD6EC4F2C1EAC6F008065D7 = {
						CreatedOnToolsVersion = 15.2;
						TestTargetID = EBD6EC2C2C1EAC6E008065D7;
					};
				};
			};
			buildConfigurationList = EBD6EC282C1EAC6E008065D7 /* Build configuration list for PBXProject "foodie" */;
			compatibilityVersion = "Xcode 14.0";
			developmentRegion = en;
			hasScannedForEncodings = 0;
			knownRegions = (
				en,
				Base,
			);
			mainGroup = EBD6EC242C1EAC6E008065D7;
			packageReferences = (
				EBD6EC632C1EACCD008065D7 /* XCRemoteSwiftPackageReference "Alamofire" */,
			);
			productRefGroup = EBD6EC2E2C1EAC6E008065D7 /* Products */;
			projectDirPath = "";
			projectRoot = "";
			targets = (
				EBD6EC2C2C1EAC6E008065D7 /* foodie */,
				EBD6EC452C1EAC6F008065D7 /* foodieTests */,
				EBD6EC4F2C1EAC6F008065D7 /* foodieUITests */,
			);
		};
/* End PBXProject section */

/* Begin PBXResourcesBuildPhase section */
		EBD6EC2B2C1EAC6E008065D7 /* Resources */ = {
			isa = PBXResourcesBuildPhase;
			buildActionMask = 2147483647;
			files = (
				EB05F7D02C2394450036927A /* popularMenuTableViewCell.xib in Resources */,
				EB05F7C82C23941C0036927A /* foodOptionCollectionViewCell.xib in Resources */,
				EBD6EC752C1EB16A008065D7 /* AuthViewController.xib in Resources */,
				EBD6EC7A2C1EB19A008065D7 /* SelectAccountCollectionViewCell.xib in Resources */,
				EBD6EC402C1EAC6F008065D7 /* LaunchScreen.storyboard in Resources */,
				EBD6EC3D2C1EAC6F008065D7 /* Assets.xcassets in Resources */,
				EBD6EC382C1EAC6E008065D7 /* Main.storyboard in Resources */,
				EB05F7CC2C23942D0036927A /* foodCardCollectionViewCell.xib in Resources */,
			);
			runOnlyForDeploymentPostprocessing = 0;
		};
		EBD6EC442C1EAC6F008065D7 /* Resources */ = {
			isa = PBXResourcesBuildPhase;
			buildActionMask = 2147483647;
			files = (
			);
			runOnlyForDeploymentPostprocessing = 0;
		};
		EBD6EC4E2C1EAC6F008065D7 /* Resources */ = {
			isa = PBXResourcesBuildPhase;
			buildActionMask = 2147483647;
			files = (
			);
			runOnlyForDeploymentPostprocessing = 0;
		};
/* End PBXResourcesBuildPhase section */

/* Begin PBXSourcesBuildPhase section */
		EBD6EC292C1EAC6E008065D7 /* Sources */ = {
			isa = PBXSourcesBuildPhase;
			buildActionMask = 2147483647;
			files = (
				EB05F7CB2C23942D0036927A /* foodCardCollectionViewCell.swift in Sources */,
				EBD6EC7D2C1EFD0B008065D7 /* MealMenuViewController.swift in Sources */,
				EBD6EC352C1EAC6E008065D7 /* AccountViewController.swift in Sources */,
				EBD6EC792C1EB19A008065D7 /* SelectAccountCollectionViewCell.swift in Sources */,
				EB05F7D22C23A25B0036927A /* MealMenuViewModel.swift in Sources */,
				EBD6EC6A2C1EAD1A008065D7 /* Network Manager.swift in Sources */,
				EBD6EC3B2C1EAC6E008065D7 /* foodie.xcdatamodeld in Sources */,
				EB05F7CF2C2394450036927A /* popularMenuTableViewCell.swift in Sources */,
				EBD6EC312C1EAC6E008065D7 /* AppDelegate.swift in Sources */,
				EBD6EC742C1EB16A008065D7 /* AuthViewController.swift in Sources */,
				EB05F7D42C23A2780036927A /* Meal.swift in Sources */,
				EBD6EC332C1EAC6E008065D7 /* SceneDelegate.swift in Sources */,
				EBD6EC6E2C1EAE39008065D7 /* LogAuthViewModel.swift in Sources */,
				EBD6EC712C1EAE4A008065D7 /* User.swift in Sources */,
				EB05F7C72C23941C0036927A /* foodOptionCollectionViewCell.swift in Sources */,
			);
			runOnlyForDeploymentPostprocessing = 0;
		};
		EBD6EC422C1EAC6F008065D7 /* Sources */ = {
			isa = PBXSourcesBuildPhase;
			buildActionMask = 2147483647;
			files = (
				EBD6EC4B2C1EAC6F008065D7 /* foodieTests.swift in Sources */,
			);
			runOnlyForDeploymentPostprocessing = 0;
		};
		EBD6EC4C2C1EAC6F008065D7 /* Sources */ = {
			isa = PBXSourcesBuildPhase;
			buildActionMask = 2147483647;
			files = (
				EBD6EC572C1EAC6F008065D7 /* foodieUITestsLaunchTests.swift in Sources */,
				EBD6EC552C1EAC6F008065D7 /* foodieUITests.swift in Sources */,
			);
			runOnlyForDeploymentPostprocessing = 0;
		};
/* End PBXSourcesBuildPhase section */

/* Begin PBXTargetDependency section */
		EBD6EC482C1EAC6F008065D7 /* PBXTargetDependency */ = {
			isa = PBXTargetDependency;
			target = EBD6EC2C2C1EAC6E008065D7 /* foodie */;
			targetProxy = EBD6EC472C1EAC6F008065D7 /* PBXContainerItemProxy */;
		};
		EBD6EC522C1EAC6F008065D7 /* PBXTargetDependency */ = {
			isa = PBXTargetDependency;
			target = EBD6EC2C2C1EAC6E008065D7 /* foodie */;
			targetProxy = EBD6EC512C1EAC6F008065D7 /* PBXContainerItemProxy */;
		};
/* End PBXTargetDependency section */

/* Begin PBXVariantGroup section */
		EBD6EC362C1EAC6E008065D7 /* Main.storyboard */ = {
			isa = PBXVariantGroup;
			children = (
				EBD6EC372C1EAC6E008065D7 /* Base */,
			);
			name = Main.storyboard;
			sourceTree = "<group>";
		};
		EBD6EC3E2C1EAC6F008065D7 /* LaunchScreen.storyboard */ = {
			isa = PBXVariantGroup;
			children = (
				EBD6EC3F2C1EAC6F008065D7 /* Base */,
			);
			name = LaunchScreen.storyboard;
			sourceTree = "<group>";
		};
/* End PBXVariantGroup section */

/* Begin XCBuildConfiguration section */
		EBD6EC582C1EAC6F008065D7 /* Debug */ = {
			isa = XCBuildConfiguration;
			buildSettings = {
				ALWAYS_SEARCH_USER_PATHS = NO;
				ASSETCATALOG_COMPILER_GENERATE_SWIFT_ASSET_SYMBOL_EXTENSIONS = YES;
				CLANG_ANALYZER_NONNULL = YES;
				CLANG_ANALYZER_NUMBER_OBJECT_CONVERSION = YES_AGGRESSIVE;
				CLANG_CXX_LANGUAGE_STANDARD = "gnu++20";
				CLANG_ENABLE_MODULES = YES;
				CLANG_ENABLE_OBJC_ARC = YES;
				CLANG_ENABLE_OBJC_WEAK = YES;
				CLANG_WARN_BLOCK_CAPTURE_AUTORELEASING = YES;
				CLANG_WARN_BOOL_CONVERSION = YES;
				CLANG_WARN_COMMA = YES;
				CLANG_WARN_CONSTANT_CONVERSION = YES;
				CLANG_WARN_DEPRECATED_OBJC_IMPLEMENTATIONS = YES;
				CLANG_WARN_DIRECT_OBJC_ISA_USAGE = YES_ERROR;
				CLANG_WARN_DOCUMENTATION_COMMENTS = YES;
				CLANG_WARN_EMPTY_BODY = YES;
				CLANG_WARN_ENUM_CONVERSION = YES;
				CLANG_WARN_INFINITE_RECURSION = YES;
				CLANG_WARN_INT_CONVERSION = YES;
				CLANG_WARN_NON_LITERAL_NULL_CONVERSION = YES;
				CLANG_WARN_OBJC_IMPLICIT_RETAIN_SELF = YES;
				CLANG_WARN_OBJC_LITERAL_CONVERSION = YES;
				CLANG_WARN_OBJC_ROOT_CLASS = YES_ERROR;
				CLANG_WARN_QUOTED_INCLUDE_IN_FRAMEWORK_HEADER = YES;
				CLANG_WARN_RANGE_LOOP_ANALYSIS = YES;
				CLANG_WARN_STRICT_PROTOTYPES = YES;
				CLANG_WARN_SUSPICIOUS_MOVE = YES;
				CLANG_WARN_UNGUARDED_AVAILABILITY = YES_AGGRESSIVE;
				CLANG_WARN_UNREACHABLE_CODE = YES;
				CLANG_WARN__DUPLICATE_METHOD_MATCH = YES;
				COPY_PHASE_STRIP = NO;
				DEBUG_INFORMATION_FORMAT = dwarf;
				ENABLE_STRICT_OBJC_MSGSEND = YES;
				ENABLE_TESTABILITY = YES;
				ENABLE_USER_SCRIPT_SANDBOXING = YES;
				GCC_C_LANGUAGE_STANDARD = gnu17;
				GCC_DYNAMIC_NO_PIC = NO;
				GCC_NO_COMMON_BLOCKS = YES;
				GCC_OPTIMIZATION_LEVEL = 0;
				GCC_PREPROCESSOR_DEFINITIONS = (
					"DEBUG=1",
					"$(inherited)",
				);
				GCC_WARN_64_TO_32_BIT_CONVERSION = YES;
				GCC_WARN_ABOUT_RETURN_TYPE = YES_ERROR;
				GCC_WARN_UNDECLARED_SELECTOR = YES;
				GCC_WARN_UNINITIALIZED_AUTOS = YES_AGGRESSIVE;
				GCC_WARN_UNUSED_FUNCTION = YES;
				GCC_WARN_UNUSED_VARIABLE = YES;
				IPHONEOS_DEPLOYMENT_TARGET = 17.2;
				LOCALIZATION_PREFERS_STRING_CATALOGS = YES;
				MTL_ENABLE_DEBUG_INFO = INCLUDE_SOURCE;
				MTL_FAST_MATH = YES;
				ONLY_ACTIVE_ARCH = YES;
				SDKROOT = iphoneos;
				SWIFT_ACTIVE_COMPILATION_CONDITIONS = "DEBUG $(inherited)";
				SWIFT_OPTIMIZATION_LEVEL = "-Onone";
			};
			name = Debug;
		};
		EBD6EC592C1EAC6F008065D7 /* Release */ = {
			isa = XCBuildConfiguration;
			buildSettings = {
				ALWAYS_SEARCH_USER_PATHS = NO;
				ASSETCATALOG_COMPILER_GENERATE_SWIFT_ASSET_SYMBOL_EXTENSIONS = YES;
				CLANG_ANALYZER_NONNULL = YES;
				CLANG_ANALYZER_NUMBER_OBJECT_CONVERSION = YES_AGGRESSIVE;
				CLANG_CXX_LANGUAGE_STANDARD = "gnu++20";
				CLANG_ENABLE_MODULES = YES;
				CLANG_ENABLE_OBJC_ARC = YES;
				CLANG_ENABLE_OBJC_WEAK = YES;
				CLANG_WARN_BLOCK_CAPTURE_AUTORELEASING = YES;
				CLANG_WARN_BOOL_CONVERSION = YES;
				CLANG_WARN_COMMA = YES;
				CLANG_WARN_CONSTANT_CONVERSION = YES;
				CLANG_WARN_DEPRECATED_OBJC_IMPLEMENTATIONS = YES;
				CLANG_WARN_DIRECT_OBJC_ISA_USAGE = YES_ERROR;
				CLANG_WARN_DOCUMENTATION_COMMENTS = YES;
				CLANG_WARN_EMPTY_BODY = YES;
				CLANG_WARN_ENUM_CONVERSION = YES;
				CLANG_WARN_INFINITE_RECURSION = YES;
				CLANG_WARN_INT_CONVERSION = YES;
				CLANG_WARN_NON_LITERAL_NULL_CONVERSION = YES;
				CLANG_WARN_OBJC_IMPLICIT_RETAIN_SELF = YES;
				CLANG_WARN_OBJC_LITERAL_CONVERSION = YES;
				CLANG_WARN_OBJC_ROOT_CLASS = YES_ERROR;
				CLANG_WARN_QUOTED_INCLUDE_IN_FRAMEWORK_HEADER = YES;
				CLANG_WARN_RANGE_LOOP_ANALYSIS = YES;
				CLANG_WARN_STRICT_PROTOTYPES = YES;
				CLANG_WARN_SUSPICIOUS_MOVE = YES;
				CLANG_WARN_UNGUARDED_AVAILABILITY = YES_AGGRESSIVE;
				CLANG_WARN_UNREACHABLE_CODE = YES;
				CLANG_WARN__DUPLICATE_METHOD_MATCH = YES;
				COPY_PHASE_STRIP = NO;
				DEBUG_INFORMATION_FORMAT = "dwarf-with-dsym";
				ENABLE_NS_ASSERTIONS = NO;
				ENABLE_STRICT_OBJC_MSGSEND = YES;
				ENABLE_USER_SCRIPT_SANDBOXING = YES;
				GCC_C_LANGUAGE_STANDARD = gnu17;
				GCC_NO_COMMON_BLOCKS = YES;
				GCC_WARN_64_TO_32_BIT_CONVERSION = YES;
				GCC_WARN_ABOUT_RETURN_TYPE = YES_ERROR;
				GCC_WARN_UNDECLARED_SELECTOR = YES;
				GCC_WARN_UNINITIALIZED_AUTOS = YES_AGGRESSIVE;
				GCC_WARN_UNUSED_FUNCTION = YES;
				GCC_WARN_UNUSED_VARIABLE = YES;
				IPHONEOS_DEPLOYMENT_TARGET = 17.2;
				LOCALIZATION_PREFERS_STRING_CATALOGS = YES;
				MTL_ENABLE_DEBUG_INFO = NO;
				MTL_FAST_MATH = YES;
				SDKROOT = iphoneos;
				SWIFT_COMPILATION_MODE = wholemodule;
				VALIDATE_PRODUCT = YES;
			};
			name = Release;
		};
		EBD6EC5B2C1EAC6F008065D7 /* Debug */ = {
			isa = XCBuildConfiguration;
			buildSettings = {
				ASSETCATALOG_COMPILER_APPICON_NAME = AppIcon;
				ASSETCATALOG_COMPILER_GLOBAL_ACCENT_COLOR_NAME = AccentColor;
				CODE_SIGN_STYLE = Automatic;
				CURRENT_PROJECT_VERSION = 1;
				DEVELOPMENT_TEAM = 9QBHB9GVKB;
				GENERATE_INFOPLIST_FILE = YES;
				INFOPLIST_FILE = foodie/Info.plist;
				INFOPLIST_KEY_UIApplicationSupportsIndirectInputEvents = YES;
				INFOPLIST_KEY_UILaunchStoryboardName = LaunchScreen;
				INFOPLIST_KEY_UIMainStoryboardFile = Main;
				INFOPLIST_KEY_UISupportedInterfaceOrientations_iPad = "UIInterfaceOrientationPortrait UIInterfaceOrientationPortraitUpsideDown UIInterfaceOrientationLandscapeLeft UIInterfaceOrientationLandscapeRight";
				INFOPLIST_KEY_UISupportedInterfaceOrientations_iPhone = "UIInterfaceOrientationPortrait UIInterfaceOrientationLandscapeLeft UIInterfaceOrientationLandscapeRight";
				LD_RUNPATH_SEARCH_PATHS = (
					"$(inherited)",
					"@executable_path/Frameworks",
				);
				MARKETING_VERSION = 1.0;
				PRODUCT_BUNDLE_IDENTIFIER = "ece.ok-hotmail.com.foodie";
				PRODUCT_NAME = "$(TARGET_NAME)";
				SWIFT_EMIT_LOC_STRINGS = YES;
				SWIFT_VERSION = 5.0;
				TARGETED_DEVICE_FAMILY = "1,2";
			};
			name = Debug;
		};
		EBD6EC5C2C1EAC6F008065D7 /* Release */ = {
			isa = XCBuildConfiguration;
			buildSettings = {
				ASSETCATALOG_COMPILER_APPICON_NAME = AppIcon;
				ASSETCATALOG_COMPILER_GLOBAL_ACCENT_COLOR_NAME = AccentColor;
				CODE_SIGN_STYLE = Automatic;
				CURRENT_PROJECT_VERSION = 1;
				DEVELOPMENT_TEAM = 9QBHB9GVKB;
				GENERATE_INFOPLIST_FILE = YES;
				INFOPLIST_FILE = foodie/Info.plist;
				INFOPLIST_KEY_UIApplicationSupportsIndirectInputEvents = YES;
				INFOPLIST_KEY_UILaunchStoryboardName = LaunchScreen;
				INFOPLIST_KEY_UIMainStoryboardFile = Main;
				INFOPLIST_KEY_UISupportedInterfaceOrientations_iPad = "UIInterfaceOrientationPortrait UIInterfaceOrientationPortraitUpsideDown UIInterfaceOrientationLandscapeLeft UIInterfaceOrientationLandscapeRight";
				INFOPLIST_KEY_UISupportedInterfaceOrientations_iPhone = "UIInterfaceOrientationPortrait UIInterfaceOrientationLandscapeLeft UIInterfaceOrientationLandscapeRight";
				LD_RUNPATH_SEARCH_PATHS = (
					"$(inherited)",
					"@executable_path/Frameworks",
				);
				MARKETING_VERSION = 1.0;
				PRODUCT_BUNDLE_IDENTIFIER = "ece.ok-hotmail.com.foodie";
				PRODUCT_NAME = "$(TARGET_NAME)";
				SWIFT_EMIT_LOC_STRINGS = YES;
				SWIFT_VERSION = 5.0;
				TARGETED_DEVICE_FAMILY = "1,2";
			};
			name = Release;
		};
		EBD6EC5E2C1EAC6F008065D7 /* Debug */ = {
			isa = XCBuildConfiguration;
			buildSettings = {
				ALWAYS_EMBED_SWIFT_STANDARD_LIBRARIES = YES;
				BUNDLE_LOADER = "$(TEST_HOST)";
				CODE_SIGN_STYLE = Automatic;
				CURRENT_PROJECT_VERSION = 1;
				DEVELOPMENT_TEAM = 9QBHB9GVKB;
				GENERATE_INFOPLIST_FILE = YES;
				IPHONEOS_DEPLOYMENT_TARGET = 17.2;
				MARKETING_VERSION = 1.0;
				PRODUCT_BUNDLE_IDENTIFIER = "ece.ok-hotmail.com.foodieTests";
				PRODUCT_NAME = "$(TARGET_NAME)";
				SWIFT_EMIT_LOC_STRINGS = NO;
				SWIFT_VERSION = 5.0;
				TARGETED_DEVICE_FAMILY = "1,2";
				TEST_HOST = "$(BUILT_PRODUCTS_DIR)/foodie.app/$(BUNDLE_EXECUTABLE_FOLDER_PATH)/foodie";
			};
			name = Debug;
		};
		EBD6EC5F2C1EAC6F008065D7 /* Release */ = {
			isa = XCBuildConfiguration;
			buildSettings = {
				ALWAYS_EMBED_SWIFT_STANDARD_LIBRARIES = YES;
				BUNDLE_LOADER = "$(TEST_HOST)";
				CODE_SIGN_STYLE = Automatic;
				CURRENT_PROJECT_VERSION = 1;
				DEVELOPMENT_TEAM = 9QBHB9GVKB;
				GENERATE_INFOPLIST_FILE = YES;
				IPHONEOS_DEPLOYMENT_TARGET = 17.2;
				MARKETING_VERSION = 1.0;
				PRODUCT_BUNDLE_IDENTIFIER = "ece.ok-hotmail.com.foodieTests";
				PRODUCT_NAME = "$(TARGET_NAME)";
				SWIFT_EMIT_LOC_STRINGS = NO;
				SWIFT_VERSION = 5.0;
				TARGETED_DEVICE_FAMILY = "1,2";
				TEST_HOST = "$(BUILT_PRODUCTS_DIR)/foodie.app/$(BUNDLE_EXECUTABLE_FOLDER_PATH)/foodie";
			};
			name = Release;
		};
		EBD6EC612C1EAC6F008065D7 /* Debug */ = {
			isa = XCBuildConfiguration;
			buildSettings = {
				ALWAYS_EMBED_SWIFT_STANDARD_LIBRARIES = YES;
				CODE_SIGN_STYLE = Automatic;
				CURRENT_PROJECT_VERSION = 1;
				DEVELOPMENT_TEAM = 9QBHB9GVKB;
				GENERATE_INFOPLIST_FILE = YES;
				MARKETING_VERSION = 1.0;
				PRODUCT_BUNDLE_IDENTIFIER = "ece.ok-hotmail.com.foodieUITests";
				PRODUCT_NAME = "$(TARGET_NAME)";
				SWIFT_EMIT_LOC_STRINGS = NO;
				SWIFT_VERSION = 5.0;
				TARGETED_DEVICE_FAMILY = "1,2";
				TEST_TARGET_NAME = foodie;
			};
			name = Debug;
		};
		EBD6EC622C1EAC6F008065D7 /* Release */ = {
			isa = XCBuildConfiguration;
			buildSettings = {
				ALWAYS_EMBED_SWIFT_STANDARD_LIBRARIES = YES;
				CODE_SIGN_STYLE = Automatic;
				CURRENT_PROJECT_VERSION = 1;
				DEVELOPMENT_TEAM = 9QBHB9GVKB;
				GENERATE_INFOPLIST_FILE = YES;
				MARKETING_VERSION = 1.0;
				PRODUCT_BUNDLE_IDENTIFIER = "ece.ok-hotmail.com.foodieUITests";
				PRODUCT_NAME = "$(TARGET_NAME)";
				SWIFT_EMIT_LOC_STRINGS = NO;
				SWIFT_VERSION = 5.0;
				TARGETED_DEVICE_FAMILY = "1,2";
				TEST_TARGET_NAME = foodie;
			};
			name = Release;
		};
/* End XCBuildConfiguration section */

/* Begin XCConfigurationList section */
		EBD6EC282C1EAC6E008065D7 /* Build configuration list for PBXProject "foodie" */ = {
			isa = XCConfigurationList;
			buildConfigurations = (
				EBD6EC582C1EAC6F008065D7 /* Debug */,
				EBD6EC592C1EAC6F008065D7 /* Release */,
			);
			defaultConfigurationIsVisible = 0;
			defaultConfigurationName = Release;
		};
		EBD6EC5A2C1EAC6F008065D7 /* Build configuration list for PBXNativeTarget "foodie" */ = {
			isa = XCConfigurationList;
			buildConfigurations = (
				EBD6EC5B2C1EAC6F008065D7 /* Debug */,
				EBD6EC5C2C1EAC6F008065D7 /* Release */,
			);
			defaultConfigurationIsVisible = 0;
			defaultConfigurationName = Release;
		};
		EBD6EC5D2C1EAC6F008065D7 /* Build configuration list for PBXNativeTarget "foodieTests" */ = {
			isa = XCConfigurationList;
			buildConfigurations = (
				EBD6EC5E2C1EAC6F008065D7 /* Debug */,
				EBD6EC5F2C1EAC6F008065D7 /* Release */,
			);
			defaultConfigurationIsVisible = 0;
			defaultConfigurationName = Release;
		};
		EBD6EC602C1EAC6F008065D7 /* Build configuration list for PBXNativeTarget "foodieUITests" */ = {
			isa = XCConfigurationList;
			buildConfigurations = (
				EBD6EC612C1EAC6F008065D7 /* Debug */,
				EBD6EC622C1EAC6F008065D7 /* Release */,
			);
			defaultConfigurationIsVisible = 0;
			defaultConfigurationName = Release;
		};
/* End XCConfigurationList section */

/* Begin XCRemoteSwiftPackageReference section */
		EBD6EC632C1EACCD008065D7 /* XCRemoteSwiftPackageReference "Alamofire" */ = {
			isa = XCRemoteSwiftPackageReference;
			repositoryURL = "https://github.com/Alamofire/Alamofire";
			requirement = {
				kind = upToNextMajorVersion;
				minimumVersion = 5.9.1;
			};
		};
/* End XCRemoteSwiftPackageReference section */

/* Begin XCSwiftPackageProductDependency section */
		EBD6EC642C1EACCD008065D7 /* Alamofire */ = {
			isa = XCSwiftPackageProductDependency;
			package = EBD6EC632C1EACCD008065D7 /* XCRemoteSwiftPackageReference "Alamofire" */;
			productName = Alamofire;
		};
		EBD6EC662C1EACCD008065D7 /* AlamofireDynamic */ = {
			isa = XCSwiftPackageProductDependency;
			package = EBD6EC632C1EACCD008065D7 /* XCRemoteSwiftPackageReference "Alamofire" */;
			productName = AlamofireDynamic;
		};
/* End XCSwiftPackageProductDependency section */

/* Begin XCVersionGroup section */
		EBD6EC392C1EAC6E008065D7 /* foodie.xcdatamodeld */ = {
			isa = XCVersionGroup;
			children = (
				EBD6EC3A2C1EAC6E008065D7 /* foodie.xcdatamodel */,
			);
			currentVersion = EBD6EC3A2C1EAC6E008065D7 /* foodie.xcdatamodel */;
			path = foodie.xcdatamodeld;
			sourceTree = "<group>";
			versionGroupType = wrapper.xcdatamodel;
		};
/* End XCVersionGroup section */
	};
	rootObject = EBD6EC252C1EAC6E008065D7 /* Project object */;
}
